
Microsoft Visual Studio Solution File, Format Version 12.00
# Visual Studio Version 17
VisualStudioVersion = 17.11.35303.130
MinimumVisualStudioVersion = 10.0.40219.1
Project("{FAE04EC0-301F-11D3-BF4B-00C04F79EFBC}") = "Client", "Client\Client.csproj", "{A0C26F9E-40A4-4381-8685-5486B7EEC78B}"
EndProject
Global
	GlobalSection(SolutionConfigurationPlatforms) = preSolution
		Debug|Any CPU = Debug|Any CPU
		Release|Any CPU = Release|Any CPU
	EndGlobalSection
	GlobalSection(ProjectConfigurationPlatforms) = postSolution
		{A0C26F9E-40A4-4381-8685-5486B7EEC78B}.Debug|Any CPU.ActiveCfg = Debug|Any CPU
		{A0C26F9E-40A4-4381-8685-5486B7EEC78B}.Debug|Any CPU.Build.0 = Debug|Any CPU
		{A0C26F9E-40A4-4381-8685-5486B7EEC78B}.Release|Any CPU.ActiveCfg = Release|Any CPU
		{A0C26F9E-40A4-4381-8685-5486B7EEC78B}.Release|Any CPU.Build.0 = Release|Any CPU
	EndGlobalSection
	GlobalSection(SolutionProperties) = preSolution
		HideSolutionNode = FALSE
	EndGlobalSection
	GlobalSection(ExtensibilityGlobals) = postSolution
		SolutionGuid = {B05D4202-AFFC-41A1-836F-5E703710ED8A}
	EndGlobalSection
EndGlobal
